
Microsoft Visual Studio Solution File, Format Version 12.00
# Visual Studio 15
VisualStudioVersion = 15.0.26124.0
MinimumVisualStudioVersion = 15.0.26124.0
Project("{FAE04EC0-301F-11D3-BF4B-00C04F79EFBC}") = "DaveWritesCode.CodeLou.Web", "web\DaveWritesCode.CodeLou.Web.csproj", "{2E684368-5015-4D45-AA8D-B248242CA027}"
EndProject
Project("{FAE04EC0-301F-11D3-BF4B-00C04F79EFBC}") = "DaveWriteCode.CodeLou.ExerciseProject", "src\DaveWriteCode.CodeLou.ExerciseProject.csproj", "{B05DACAC-BCC7-424A-A734-453483E4430C}"
EndProject
Global
	GlobalSection(SolutionConfigurationPlatforms) = preSolution
		Debug|Any CPU = Debug|Any CPU
		Debug|x64 = Debug|x64
		Debug|x86 = Debug|x86
		Release|Any CPU = Release|Any CPU
		Release|x64 = Release|x64
		Release|x86 = Release|x86
	EndGlobalSection
	GlobalSection(SolutionProperties) = preSolution
		HideSolutionNode = FALSE
	EndGlobalSection
	GlobalSection(ProjectConfigurationPlatforms) = postSolution
		{2E684368-5015-4D45-AA8D-B248242CA027}.Debug|Any CPU.ActiveCfg = Debug|Any CPU
		{2E684368-5015-4D45-AA8D-B248242CA027}.Debug|Any CPU.Build.0 = Debug|Any CPU
		{2E684368-5015-4D45-AA8D-B248242CA027}.Debug|x64.ActiveCfg = Debug|Any CPU
		{2E684368-5015-4D45-AA8D-B248242CA027}.Debug|x64.Build.0 = Debug|Any CPU
		{2E684368-5015-4D45-AA8D-B248242CA027}.Debug|x86.ActiveCfg = Debug|Any CPU
		{2E684368-5015-4D45-AA8D-B248242CA027}.Debug|x86.Build.0 = Debug|Any CPU
		{2E684368-5015-4D45-AA8D-B248242CA027}.Release|Any CPU.ActiveCfg = Release|Any CPU
		{2E684368-5015-4D45-AA8D-B248242CA027}.Release|Any CPU.Build.0 = Release|Any CPU
		{2E684368-5015-4D45-AA8D-B248242CA027}.Release|x64.ActiveCfg = Release|Any CPU
		{2E684368-5015-4D45-AA8D-B248242CA027}.Release|x64.Build.0 = Release|Any CPU
		{2E684368-5015-4D45-AA8D-B248242CA027}.Release|x86.ActiveCfg = Release|Any CPU
		{2E684368-5015-4D45-AA8D-B248242CA027}.Release|x86.Build.0 = Release|Any CPU
		{B05DACAC-BCC7-424A-A734-453483E4430C}.Debug|Any CPU.ActiveCfg = Debug|Any CPU
		{B05DACAC-BCC7-424A-A734-453483E4430C}.Debug|Any CPU.Build.0 = Debug|Any CPU
		{B05DACAC-BCC7-424A-A734-453483E4430C}.Debug|x64.ActiveCfg = Debug|Any CPU
		{B05DACAC-BCC7-424A-A734-453483E4430C}.Debug|x64.Build.0 = Debug|Any CPU
		{B05DACAC-BCC7-424A-A734-453483E4430C}.Debug|x86.ActiveCfg = Debug|Any CPU
		{B05DACAC-BCC7-424A-A734-453483E4430C}.Debug|x86.Build.0 = Debug|Any CPU
		{B05DACAC-BCC7-424A-A734-453483E4430C}.Release|Any CPU.ActiveCfg = Release|Any CPU
		{B05DACAC-BCC7-424A-A734-453483E4430C}.Release|Any CPU.Build.0 = Release|Any CPU
		{B05DACAC-BCC7-424A-A734-453483E4430C}.Release|x64.ActiveCfg = Release|Any CPU
		{B05DACAC-BCC7-424A-A734-453483E4430C}.Release|x64.Build.0 = Release|Any CPU
		{B05DACAC-BCC7-424A-A734-453483E4430C}.Release|x86.ActiveCfg = Release|Any CPU
		{B05DACAC-BCC7-424A-A734-453483E4430C}.Release|x86.Build.0 = Release|Any CPU
	EndGlobalSection
EndGlobal
